// !$*UTF8*$!
{
	archiveVersion = 1;
	classes = {
	};
	objectVersion = 56;
	objects = {

/* Begin PBXBuildFile section */
		8269C8692AA60526009D6708 /* WhatsUpApp.swift in Sources */ = {isa = PBXBuildFile; fileRef = 8269C8682AA60526009D6708 /* WhatsUpApp.swift */; };
		8269C86D2AA60527009D6708 /* Assets.xcassets in Resources */ = {isa = PBXBuildFile; fileRef = 8269C86C2AA60527009D6708 /* Assets.xcassets */; };
		8269C8712AA60527009D6708 /* Preview Assets.xcassets in Resources */ = {isa = PBXBuildFile; fileRef = 8269C8702AA60527009D6708 /* Preview Assets.xcassets */; };
		8269C8782AA605B4009D6708 /* GoogleService-Info.plist in Resources */ = {isa = PBXBuildFile; fileRef = 8269C8772AA605B4009D6708 /* GoogleService-Info.plist */; };
		8269C87B2AA60664009D6708 /* FirebaseAuth in Frameworks */ = {isa = PBXBuildFile; productRef = 8269C87A2AA60664009D6708 /* FirebaseAuth */; };
		8269C87D2AA60664009D6708 /* FirebaseFirestore in Frameworks */ = {isa = PBXBuildFile; productRef = 8269C87C2AA60664009D6708 /* FirebaseFirestore */; };
		8269C87F2AA60664009D6708 /* FirebaseFirestoreSwift in Frameworks */ = {isa = PBXBuildFile; productRef = 8269C87E2AA60664009D6708 /* FirebaseFirestoreSwift */; };
		8269C8812AA60664009D6708 /* FirebaseStorage in Frameworks */ = {isa = PBXBuildFile; productRef = 8269C8802AA60664009D6708 /* FirebaseStorage */; };
		8269C8842AA609A0009D6708 /* SignUpView.swift in Sources */ = {isa = PBXBuildFile; fileRef = 8269C8832AA609A0009D6708 /* SignUpView.swift */; };
		8269C8872AA60B1B009D6708 /* String+extensions.swift in Sources */ = {isa = PBXBuildFile; fileRef = 8269C8862AA60B1B009D6708 /* String+extensions.swift */; };
		8269C88A2AA610B6009D6708 /* Model.swift in Sources */ = {isa = PBXBuildFile; fileRef = 8269C8892AA610B6009D6708 /* Model.swift */; };
		8269C88C2AA611BF009D6708 /* LoginView.swift in Sources */ = {isa = PBXBuildFile; fileRef = 8269C88B2AA611BF009D6708 /* LoginView.swift */; };
		8269C88E2AA61839009D6708 /* MainView.swift in Sources */ = {isa = PBXBuildFile; fileRef = 8269C88D2AA61839009D6708 /* MainView.swift */; };
		8269C8902AA6193E009D6708 /* AppState.swift in Sources */ = {isa = PBXBuildFile; fileRef = 8269C88F2AA6193E009D6708 /* AppState.swift */; };
		8269C8922AA61CF0009D6708 /* GroupListContainerView.swift in Sources */ = {isa = PBXBuildFile; fileRef = 8269C8912AA61CF0009D6708 /* GroupListContainerView.swift */; };
		8269C8942AA61DB7009D6708 /* AddNewGroupView.swift in Sources */ = {isa = PBXBuildFile; fileRef = 8269C8932AA61DB7009D6708 /* AddNewGroupView.swift */; };
		8269C8962AA620ED009D6708 /* GroupModel.swift in Sources */ = {isa = PBXBuildFile; fileRef = 8269C8952AA620ED009D6708 /* GroupModel.swift */; };
		8269C8982AA62A71009D6708 /* GroupListView.swift in Sources */ = {isa = PBXBuildFile; fileRef = 8269C8972AA62A71009D6708 /* GroupListView.swift */; };
		8269C89A2AA70735009D6708 /* GroupDetailView.swift in Sources */ = {isa = PBXBuildFile; fileRef = 8269C8992AA70735009D6708 /* GroupDetailView.swift */; };
		8269C89C2AA70BE2009D6708 /* ChatMessage.swift in Sources */ = {isa = PBXBuildFile; fileRef = 8269C89B2AA70BE2009D6708 /* ChatMessage.swift */; };
		8269C89E2AA71786009D6708 /* ChatMessageListView.swift in Sources */ = {isa = PBXBuildFile; fileRef = 8269C89D2AA71786009D6708 /* ChatMessageListView.swift */; };
		8269C8A02AA71EF0009D6708 /* ChatMessageView.swift in Sources */ = {isa = PBXBuildFile; fileRef = 8269C89F2AA71EF0009D6708 /* ChatMessageView.swift */; };
		8269C8A22AA73333009D6708 /* SettingsView.swift in Sources */ = {isa = PBXBuildFile; fileRef = 8269C8A12AA73333009D6708 /* SettingsView.swift */; };
		8269C8A42AA73372009D6708 /* Image+extension.swift in Sources */ = {isa = PBXBuildFile; fileRef = 8269C8A32AA73372009D6708 /* Image+extension.swift */; };
		8269C8A62AA7373B009D6708 /* ImagePicker.swift in Sources */ = {isa = PBXBuildFile; fileRef = 8269C8A52AA7373B009D6708 /* ImagePicker.swift */; };
		8269C8A82AA7449C009D6708 /* UIImagePickerController.SourceType+Extensions.swift in Sources */ = {isa = PBXBuildFile; fileRef = 8269C8A72AA7449C009D6708 /* UIImagePickerController.SourceType+Extensions.swift */; };
		8269C8AA2AA7460E009D6708 /* UIImage+extensions.swift in Sources */ = {isa = PBXBuildFile; fileRef = 8269C8A92AA7460E009D6708 /* UIImage+extensions.swift */; };
		8269C8AC2AA748FB009D6708 /* Storage+extensions.swift in Sources */ = {isa = PBXBuildFile; fileRef = 8269C8AB2AA748FB009D6708 /* Storage+extensions.swift */; };
/* End PBXBuildFile section */

/* Begin PBXFileReference section */
		8269C8652AA60526009D6708 /* WhatsUp.app */ = {isa = PBXFileReference; explicitFileType = wrapper.application; includeInIndex = 0; path = WhatsUp.app; sourceTree = BUILT_PRODUCTS_DIR; };
		8269C8682AA60526009D6708 /* WhatsUpApp.swift */ = {isa = PBXFileReference; lastKnownFileType = sourcecode.swift; path = WhatsUpApp.swift; sourceTree = "<group>"; };
		8269C86C2AA60527009D6708 /* Assets.xcassets */ = {isa = PBXFileReference; lastKnownFileType = folder.assetcatalog; path = Assets.xcassets; sourceTree = "<group>"; };
		8269C86E2AA60527009D6708 /* WhatsUp.entitlements */ = {isa = PBXFileReference; lastKnownFileType = text.plist.entitlements; path = WhatsUp.entitlements; sourceTree = "<group>"; };
		8269C8702AA60527009D6708 /* Preview Assets.xcassets */ = {isa = PBXFileReference; lastKnownFileType = folder.assetcatalog; path = "Preview Assets.xcassets"; sourceTree = "<group>"; };
		8269C8772AA605B4009D6708 /* GoogleService-Info.plist */ = {isa = PBXFileReference; fileEncoding = 4; lastKnownFileType = text.plist.xml; path = "GoogleService-Info.plist"; sourceTree = "<group>"; };
		8269C8832AA609A0009D6708 /* SignUpView.swift */ = {isa = PBXFileReference; lastKnownFileType = sourcecode.swift; path = SignUpView.swift; sourceTree = "<group>"; };
		8269C8862AA60B1B009D6708 /* String+extensions.swift */ = {isa = PBXFileReference; lastKnownFileType = sourcecode.swift; path = "String+extensions.swift"; sourceTree = "<group>"; };
		8269C8892AA610B6009D6708 /* Model.swift */ = {isa = PBXFileReference; lastKnownFileType = sourcecode.swift; path = Model.swift; sourceTree = "<group>"; };
		8269C88B2AA611BF009D6708 /* LoginView.swift */ = {isa = PBXFileReference; lastKnownFileType = sourcecode.swift; path = LoginView.swift; sourceTree = "<group>"; };
		8269C88D2AA61839009D6708 /* MainView.swift */ = {isa = PBXFileReference; lastKnownFileType = sourcecode.swift; path = MainView.swift; sourceTree = "<group>"; };
		8269C88F2AA6193E009D6708 /* AppState.swift */ = {isa = PBXFileReference; lastKnownFileType = sourcecode.swift; path = AppState.swift; sourceTree = "<group>"; };
		8269C8912AA61CF0009D6708 /* GroupListContainerView.swift */ = {isa = PBXFileReference; lastKnownFileType = sourcecode.swift; path = GroupListContainerView.swift; sourceTree = "<group>"; };
		8269C8932AA61DB7009D6708 /* AddNewGroupView.swift */ = {isa = PBXFileReference; lastKnownFileType = sourcecode.swift; path = AddNewGroupView.swift; sourceTree = "<group>"; };
		8269C8952AA620ED009D6708 /* GroupModel.swift */ = {isa = PBXFileReference; lastKnownFileType = sourcecode.swift; path = GroupModel.swift; sourceTree = "<group>"; };
		8269C8972AA62A71009D6708 /* GroupListView.swift */ = {isa = PBXFileReference; lastKnownFileType = sourcecode.swift; path = GroupListView.swift; sourceTree = "<group>"; };
		8269C8992AA70735009D6708 /* GroupDetailView.swift */ = {isa = PBXFileReference; lastKnownFileType = sourcecode.swift; path = GroupDetailView.swift; sourceTree = "<group>"; };
		8269C89B2AA70BE2009D6708 /* ChatMessage.swift */ = {isa = PBXFileReference; lastKnownFileType = sourcecode.swift; path = ChatMessage.swift; sourceTree = "<group>"; };
		8269C89D2AA71786009D6708 /* ChatMessageListView.swift */ = {isa = PBXFileReference; lastKnownFileType = sourcecode.swift; path = ChatMessageListView.swift; sourceTree = "<group>"; };
		8269C89F2AA71EF0009D6708 /* ChatMessageView.swift */ = {isa = PBXFileReference; lastKnownFileType = sourcecode.swift; path = ChatMessageView.swift; sourceTree = "<group>"; };
		8269C8A12AA73333009D6708 /* SettingsView.swift */ = {isa = PBXFileReference; lastKnownFileType = sourcecode.swift; path = SettingsView.swift; sourceTree = "<group>"; };
		8269C8A32AA73372009D6708 /* Image+extension.swift */ = {isa = PBXFileReference; lastKnownFileType = sourcecode.swift; path = "Image+extension.swift"; sourceTree = "<group>"; };
		8269C8A52AA7373B009D6708 /* ImagePicker.swift */ = {isa = PBXFileReference; lastKnownFileType = sourcecode.swift; path = ImagePicker.swift; sourceTree = "<group>"; };
		8269C8A72AA7449C009D6708 /* UIImagePickerController.SourceType+Extensions.swift */ = {isa = PBXFileReference; lastKnownFileType = sourcecode.swift; path = "UIImagePickerController.SourceType+Extensions.swift"; sourceTree = "<group>"; };
		8269C8A92AA7460E009D6708 /* UIImage+extensions.swift */ = {isa = PBXFileReference; lastKnownFileType = sourcecode.swift; path = "UIImage+extensions.swift"; sourceTree = "<group>"; };
		8269C8AB2AA748FB009D6708 /* Storage+extensions.swift */ = {isa = PBXFileReference; lastKnownFileType = sourcecode.swift; path = "Storage+extensions.swift"; sourceTree = "<group>"; };
/* End PBXFileReference section */

/* Begin PBXFrameworksBuildPhase section */
		8269C8622AA60526009D6708 /* Frameworks */ = {
			isa = PBXFrameworksBuildPhase;
			buildActionMask = 2147483647;
			files = (
				8269C87B2AA60664009D6708 /* FirebaseAuth in Frameworks */,
				8269C8812AA60664009D6708 /* FirebaseStorage in Frameworks */,
				8269C87D2AA60664009D6708 /* FirebaseFirestore in Frameworks */,
				8269C87F2AA60664009D6708 /* FirebaseFirestoreSwift in Frameworks */,
			);
			runOnlyForDeploymentPostprocessing = 0;
		};
/* End PBXFrameworksBuildPhase section */

/* Begin PBXGroup section */
		8269C85C2AA60526009D6708 = {
			isa = PBXGroup;
			children = (
				8269C8672AA60526009D6708 /* WhatsUp */,
				8269C8662AA60526009D6708 /* Products */,
			);
			sourceTree = "<group>";
		};
		8269C8662AA60526009D6708 /* Products */ = {
			isa = PBXGroup;
			children = (
				8269C8652AA60526009D6708 /* WhatsUp.app */,
			);
			name = Products;
			sourceTree = "<group>";
		};
		8269C8672AA60526009D6708 /* WhatsUp */ = {
			isa = PBXGroup;
			children = (
				8269C8882AA610AB009D6708 /* Models */,
				8269C8852AA60B0A009D6708 /* Extensions */,
				8269C8822AA60990009D6708 /* Views */,
				8269C8682AA60526009D6708 /* WhatsUpApp.swift */,
				8269C86C2AA60527009D6708 /* Assets.xcassets */,
				8269C86E2AA60527009D6708 /* WhatsUp.entitlements */,
				8269C8772AA605B4009D6708 /* GoogleService-Info.plist */,
				8269C86F2AA60527009D6708 /* Preview Content */,
			);
			path = WhatsUp;
			sourceTree = "<group>";
		};
		8269C86F2AA60527009D6708 /* Preview Content */ = {
			isa = PBXGroup;
			children = (
				8269C8702AA60527009D6708 /* Preview Assets.xcassets */,
			);
			path = "Preview Content";
			sourceTree = "<group>";
		};
		8269C8822AA60990009D6708 /* Views */ = {
			isa = PBXGroup;
			children = (
				8269C8832AA609A0009D6708 /* SignUpView.swift */,
				8269C88B2AA611BF009D6708 /* LoginView.swift */,
				8269C88D2AA61839009D6708 /* MainView.swift */,
				8269C8912AA61CF0009D6708 /* GroupListContainerView.swift */,
				8269C8932AA61DB7009D6708 /* AddNewGroupView.swift */,
				8269C8972AA62A71009D6708 /* GroupListView.swift */,
				8269C8992AA70735009D6708 /* GroupDetailView.swift */,
				8269C89D2AA71786009D6708 /* ChatMessageListView.swift */,
				8269C89F2AA71EF0009D6708 /* ChatMessageView.swift */,
				8269C8A12AA73333009D6708 /* SettingsView.swift */,
				8269C8A52AA7373B009D6708 /* ImagePicker.swift */,
			);
			path = Views;
			sourceTree = "<group>";
		};
		8269C8852AA60B0A009D6708 /* Extensions */ = {
			isa = PBXGroup;
			children = (
				8269C8862AA60B1B009D6708 /* String+extensions.swift */,
				8269C8A32AA73372009D6708 /* Image+extension.swift */,
				8269C8A72AA7449C009D6708 /* UIImagePickerController.SourceType+Extensions.swift */,
				8269C8A92AA7460E009D6708 /* UIImage+extensions.swift */,
				8269C8AB2AA748FB009D6708 /* Storage+extensions.swift */,
			);
			path = Extensions;
			sourceTree = "<group>";
		};
		8269C8882AA610AB009D6708 /* Models */ = {
			isa = PBXGroup;
			children = (
				8269C8892AA610B6009D6708 /* Model.swift */,
				8269C88F2AA6193E009D6708 /* AppState.swift */,
				8269C8952AA620ED009D6708 /* GroupModel.swift */,
				8269C89B2AA70BE2009D6708 /* ChatMessage.swift */,
			);
			path = Models;
			sourceTree = "<group>";
		};
/* End PBXGroup section */

/* Begin PBXNativeTarget section */
		8269C8642AA60526009D6708 /* WhatsUp */ = {
			isa = PBXNativeTarget;
			buildConfigurationList = 8269C8742AA60527009D6708 /* Build configuration list for PBXNativeTarget "WhatsUp" */;
			buildPhases = (
				8269C8612AA60526009D6708 /* Sources */,
				8269C8622AA60526009D6708 /* Frameworks */,
				8269C8632AA60526009D6708 /* Resources */,
			);
			buildRules = (
			);
			dependencies = (
			);
			name = WhatsUp;
			packageProductDependencies = (
				8269C87A2AA60664009D6708 /* FirebaseAuth */,
				8269C87C2AA60664009D6708 /* FirebaseFirestore */,
				8269C87E2AA60664009D6708 /* FirebaseFirestoreSwift */,
				8269C8802AA60664009D6708 /* FirebaseStorage */,
			);
			productName = WhatsUp;
			productReference = 8269C8652AA60526009D6708 /* WhatsUp.app */;
			productType = "com.apple.product-type.application";
		};
/* End PBXNativeTarget section */

/* Begin PBXProject section */
		8269C85D2AA60526009D6708 /* Project object */ = {
			isa = PBXProject;
			attributes = {
				BuildIndependentTargetsInParallel = 1;
				LastSwiftUpdateCheck = 1430;
				LastUpgradeCheck = 1430;
				TargetAttributes = {
					8269C8642AA60526009D6708 = {
						CreatedOnToolsVersion = 14.3.1;
					};
				};
			};
			buildConfigurationList = 8269C8602AA60526009D6708 /* Build configuration list for PBXProject "WhatsUp" */;
			compatibilityVersion = "Xcode 14.0";
			developmentRegion = en;
			hasScannedForEncodings = 0;
			knownRegions = (
				en,
				Base,
			);
			mainGroup = 8269C85C2AA60526009D6708;
			packageReferences = (
				8269C8792AA60664009D6708 /* XCRemoteSwiftPackageReference "firebase-ios-sdk" */,
			);
			productRefGroup = 8269C8662AA60526009D6708 /* Products */;
			projectDirPath = "";
			projectRoot = "";
			targets = (
				8269C8642AA60526009D6708 /* WhatsUp */,
			);
		};
/* End PBXProject section */

/* Begin PBXResourcesBuildPhase section */
		8269C8632AA60526009D6708 /* Resources */ = {
			isa = PBXResourcesBuildPhase;
			buildActionMask = 2147483647;
			files = (
				8269C8712AA60527009D6708 /* Preview Assets.xcassets in Resources */,
				8269C86D2AA60527009D6708 /* Assets.xcassets in Resources */,
				8269C8782AA605B4009D6708 /* GoogleService-Info.plist in Resources */,
			);
			runOnlyForDeploymentPostprocessing = 0;
		};
/* End PBXResourcesBuildPhase section */

/* Begin PBXSourcesBuildPhase section */
		8269C8612AA60526009D6708 /* Sources */ = {
			isa = PBXSourcesBuildPhase;
			buildActionMask = 2147483647;
			files = (
				8269C8A02AA71EF0009D6708 /* ChatMessageView.swift in Sources */,
				8269C88C2AA611BF009D6708 /* LoginView.swift in Sources */,
				8269C8982AA62A71009D6708 /* GroupListView.swift in Sources */,
				8269C8A62AA7373B009D6708 /* ImagePicker.swift in Sources */,
				8269C89C2AA70BE2009D6708 /* ChatMessage.swift in Sources */,
				8269C8962AA620ED009D6708 /* GroupModel.swift in Sources */,
				8269C89E2AA71786009D6708 /* ChatMessageListView.swift in Sources */,
				8269C88E2AA61839009D6708 /* MainView.swift in Sources */,
				8269C88A2AA610B6009D6708 /* Model.swift in Sources */,
				8269C8AC2AA748FB009D6708 /* Storage+extensions.swift in Sources */,
				8269C8902AA6193E009D6708 /* AppState.swift in Sources */,
				8269C8A22AA73333009D6708 /* SettingsView.swift in Sources */,
				8269C8A82AA7449C009D6708 /* UIImagePickerController.SourceType+Extensions.swift in Sources */,
				8269C8872AA60B1B009D6708 /* String+extensions.swift in Sources */,
				8269C8842AA609A0009D6708 /* SignUpView.swift in Sources */,
				8269C8922AA61CF0009D6708 /* GroupListContainerView.swift in Sources */,
				8269C8692AA60526009D6708 /* WhatsUpApp.swift in Sources */,
				8269C8A42AA73372009D6708 /* Image+extension.swift in Sources */,
				8269C8942AA61DB7009D6708 /* AddNewGroupView.swift in Sources */,
				8269C89A2AA70735009D6708 /* GroupDetailView.swift in Sources */,
				8269C8AA2AA7460E009D6708 /* UIImage+extensions.swift in Sources */,
			);
			runOnlyForDeploymentPostprocessing = 0;
		};
/* End PBXSourcesBuildPhase section */

/* Begin XCBuildConfiguration section */
		8269C8722AA60527009D6708 /* Debug */ = {
			isa = XCBuildConfiguration;
			buildSettings = {
				ALWAYS_SEARCH_USER_PATHS = NO;
				CLANG_ANALYZER_NONNULL = YES;
				CLANG_ANALYZER_NUMBER_OBJECT_CONVERSION = YES_AGGRESSIVE;
				CLANG_CXX_LANGUAGE_STANDARD = "gnu++20";
				CLANG_ENABLE_MODULES = YES;
				CLANG_ENABLE_OBJC_ARC = YES;
				CLANG_ENABLE_OBJC_WEAK = YES;
				CLANG_WARN_BLOCK_CAPTURE_AUTORELEASING = YES;
				CLANG_WARN_BOOL_CONVERSION = YES;
				CLANG_WARN_COMMA = YES;
				CLANG_WARN_CONSTANT_CONVERSION = YES;
				CLANG_WARN_DEPRECATED_OBJC_IMPLEMENTATIONS = YES;
				CLANG_WARN_DIRECT_OBJC_ISA_USAGE = YES_ERROR;
				CLANG_WARN_DOCUMENTATION_COMMENTS = YES;
				CLANG_WARN_EMPTY_BODY = YES;
				CLANG_WARN_ENUM_CONVERSION = YES;
				CLANG_WARN_INFINITE_RECURSION = YES;
				CLANG_WARN_INT_CONVERSION = YES;
				CLANG_WARN_NON_LITERAL_NULL_CONVERSION = YES;
				CLANG_WARN_OBJC_IMPLICIT_RETAIN_SELF = YES;
				CLANG_WARN_OBJC_LITERAL_CONVERSION = YES;
				CLANG_WARN_OBJC_ROOT_CLASS = YES_ERROR;
				CLANG_WARN_QUOTED_INCLUDE_IN_FRAMEWORK_HEADER = YES;
				CLANG_WARN_RANGE_LOOP_ANALYSIS = YES;
				CLANG_WARN_STRICT_PROTOTYPES = YES;
				CLANG_WARN_SUSPICIOUS_MOVE = YES;
				CLANG_WARN_UNGUARDED_AVAILABILITY = YES_AGGRESSIVE;
				CLANG_WARN_UNREACHABLE_CODE = YES;
				CLANG_WARN__DUPLICATE_METHOD_MATCH = YES;
				COPY_PHASE_STRIP = NO;
				DEBUG_INFORMATION_FORMAT = dwarf;
				ENABLE_STRICT_OBJC_MSGSEND = YES;
				ENABLE_TESTABILITY = YES;
				GCC_C_LANGUAGE_STANDARD = gnu11;
				GCC_DYNAMIC_NO_PIC = NO;
				GCC_NO_COMMON_BLOCKS = YES;
				GCC_OPTIMIZATION_LEVEL = 0;
				GCC_PREPROCESSOR_DEFINITIONS = (
					"DEBUG=1",
					"$(inherited)",
				);
				GCC_WARN_64_TO_32_BIT_CONVERSION = YES;
				GCC_WARN_ABOUT_RETURN_TYPE = YES_ERROR;
				GCC_WARN_UNDECLARED_SELECTOR = YES;
				GCC_WARN_UNINITIALIZED_AUTOS = YES_AGGRESSIVE;
				GCC_WARN_UNUSED_FUNCTION = YES;
				GCC_WARN_UNUSED_VARIABLE = YES;
				MTL_ENABLE_DEBUG_INFO = INCLUDE_SOURCE;
				MTL_FAST_MATH = YES;
				ONLY_ACTIVE_ARCH = YES;
				SWIFT_ACTIVE_COMPILATION_CONDITIONS = DEBUG;
				SWIFT_OPTIMIZATION_LEVEL = "-Onone";
			};
			name = Debug;
		};
		8269C8732AA60527009D6708 /* Release */ = {
			isa = XCBuildConfiguration;
			buildSettings = {
				ALWAYS_SEARCH_USER_PATHS = NO;
				CLANG_ANALYZER_NONNULL = YES;
				CLANG_ANALYZER_NUMBER_OBJECT_CONVERSION = YES_AGGRESSIVE;
				CLANG_CXX_LANGUAGE_STANDARD = "gnu++20";
				CLANG_ENABLE_MODULES = YES;
				CLANG_ENABLE_OBJC_ARC = YES;
				CLANG_ENABLE_OBJC_WEAK = YES;
				CLANG_WARN_BLOCK_CAPTURE_AUTORELEASING = YES;
				CLANG_WARN_BOOL_CONVERSION = YES;
				CLANG_WARN_COMMA = YES;
				CLANG_WARN_CONSTANT_CONVERSION = YES;
				CLANG_WARN_DEPRECATED_OBJC_IMPLEMENTATIONS = YES;
				CLANG_WARN_DIRECT_OBJC_ISA_USAGE = YES_ERROR;
				CLANG_WARN_DOCUMENTATION_COMMENTS = YES;
				CLANG_WARN_EMPTY_BODY = YES;
				CLANG_WARN_ENUM_CONVERSION = YES;
				CLANG_WARN_INFINITE_RECURSION = YES;
				CLANG_WARN_INT_CONVERSION = YES;
				CLANG_WARN_NON_LITERAL_NULL_CONVERSION = YES;
				CLANG_WARN_OBJC_IMPLICIT_RETAIN_SELF = YES;
				CLANG_WARN_OBJC_LITERAL_CONVERSION = YES;
				CLANG_WARN_OBJC_ROOT_CLASS = YES_ERROR;
				CLANG_WARN_QUOTED_INCLUDE_IN_FRAMEWORK_HEADER = YES;
				CLANG_WARN_RANGE_LOOP_ANALYSIS = YES;
				CLANG_WARN_STRICT_PROTOTYPES = YES;
				CLANG_WARN_SUSPICIOUS_MOVE = YES;
				CLANG_WARN_UNGUARDED_AVAILABILITY = YES_AGGRESSIVE;
				CLANG_WARN_UNREACHABLE_CODE = YES;
				CLANG_WARN__DUPLICATE_METHOD_MATCH = YES;
				COPY_PHASE_STRIP = NO;
				DEBUG_INFORMATION_FORMAT = "dwarf-with-dsym";
				ENABLE_NS_ASSERTIONS = NO;
				ENABLE_STRICT_OBJC_MSGSEND = YES;
				GCC_C_LANGUAGE_STANDARD = gnu11;
				GCC_NO_COMMON_BLOCKS = YES;
				GCC_WARN_64_TO_32_BIT_CONVERSION = YES;
				GCC_WARN_ABOUT_RETURN_TYPE = YES_ERROR;
				GCC_WARN_UNDECLARED_SELECTOR = YES;
				GCC_WARN_UNINITIALIZED_AUTOS = YES_AGGRESSIVE;
				GCC_WARN_UNUSED_FUNCTION = YES;
				GCC_WARN_UNUSED_VARIABLE = YES;
				MTL_ENABLE_DEBUG_INFO = NO;
				MTL_FAST_MATH = YES;
				SWIFT_COMPILATION_MODE = wholemodule;
				SWIFT_OPTIMIZATION_LEVEL = "-O";
			};
			name = Release;
		};
		8269C8752AA60527009D6708 /* Debug */ = {
			isa = XCBuildConfiguration;
			buildSettings = {
				ASSETCATALOG_COMPILER_APPICON_NAME = AppIcon;
				ASSETCATALOG_COMPILER_GLOBAL_ACCENT_COLOR_NAME = AccentColor;
				CODE_SIGN_ENTITLEMENTS = WhatsUp/WhatsUp.entitlements;
				CODE_SIGN_STYLE = Automatic;
				CURRENT_PROJECT_VERSION = 1;
				DEVELOPMENT_ASSET_PATHS = "\"WhatsUp/Preview Content\"";
				DEVELOPMENT_TEAM = 4DGNYHY76F;
				ENABLE_HARDENED_RUNTIME = YES;
				ENABLE_PREVIEWS = YES;
				GENERATE_INFOPLIST_FILE = YES;
				"INFOPLIST_KEY_UIApplicationSceneManifest_Generation[sdk=iphoneos*]" = YES;
				"INFOPLIST_KEY_UIApplicationSceneManifest_Generation[sdk=iphonesimulator*]" = YES;
				"INFOPLIST_KEY_UIApplicationSupportsIndirectInputEvents[sdk=iphoneos*]" = YES;
				"INFOPLIST_KEY_UIApplicationSupportsIndirectInputEvents[sdk=iphonesimulator*]" = YES;
				"INFOPLIST_KEY_UILaunchScreen_Generation[sdk=iphoneos*]" = YES;
				"INFOPLIST_KEY_UILaunchScreen_Generation[sdk=iphonesimulator*]" = YES;
				"INFOPLIST_KEY_UIStatusBarStyle[sdk=iphoneos*]" = UIStatusBarStyleDefault;
				"INFOPLIST_KEY_UIStatusBarStyle[sdk=iphonesimulator*]" = UIStatusBarStyleDefault;
				INFOPLIST_KEY_UISupportedInterfaceOrientations_iPad = "UIInterfaceOrientationPortrait UIInterfaceOrientationPortraitUpsideDown UIInterfaceOrientationLandscapeLeft UIInterfaceOrientationLandscapeRight";
				INFOPLIST_KEY_UISupportedInterfaceOrientations_iPhone = "UIInterfaceOrientationPortrait UIInterfaceOrientationLandscapeLeft UIInterfaceOrientationLandscapeRight";
				IPHONEOS_DEPLOYMENT_TARGET = 16.4;
				LD_RUNPATH_SEARCH_PATHS = "@executable_path/Frameworks";
				"LD_RUNPATH_SEARCH_PATHS[sdk=macosx*]" = "@executable_path/../Frameworks";
				MACOSX_DEPLOYMENT_TARGET = 13.3;
				MARKETING_VERSION = 1.0;
				PRODUCT_BUNDLE_IDENTIFIER = com.karlis.WhatsUp;
				PRODUCT_NAME = "$(TARGET_NAME)";
				SDKROOT = auto;
				SUPPORTED_PLATFORMS = "iphoneos iphonesimulator";
				SUPPORTS_MACCATALYST = NO;
				SUPPORTS_MAC_DESIGNED_FOR_IPHONE_IPAD = NO;
				SWIFT_EMIT_LOC_STRINGS = YES;
				SWIFT_VERSION = 5.0;
				TARGETED_DEVICE_FAMILY = 1;
			};
			name = Debug;
		};
		8269C8762AA60527009D6708 /* Release */ = {
			isa = XCBuildConfiguration;
			buildSettings = {
				ASSETCATALOG_COMPILER_APPICON_NAME = AppIcon;
				ASSETCATALOG_COMPILER_GLOBAL_ACCENT_COLOR_NAME = AccentColor;
				CODE_SIGN_ENTITLEMENTS = WhatsUp/WhatsUp.entitlements;
				CODE_SIGN_STYLE = Automatic;
				CURRENT_PROJECT_VERSION = 1;
				DEVELOPMENT_ASSET_PATHS = "\"WhatsUp/Preview Content\"";
				DEVELOPMENT_TEAM = 4DGNYHY76F;
				ENABLE_HARDENED_RUNTIME = YES;
				ENABLE_PREVIEWS = YES;
				GENERATE_INFOPLIST_FILE = YES;
				"INFOPLIST_KEY_UIApplicationSceneManifest_Generation[sdk=iphoneos*]" = YES;
				"INFOPLIST_KEY_UIApplicationSceneManifest_Generation[sdk=iphonesimulator*]" = YES;
				"INFOPLIST_KEY_UIApplicationSupportsIndirectInputEvents[sdk=iphoneos*]" = YES;
				"INFOPLIST_KEY_UIApplicationSupportsIndirectInputEvents[sdk=iphonesimulator*]" = YES;
				"INFOPLIST_KEY_UILaunchScreen_Generation[sdk=iphoneos*]" = YES;
				"INFOPLIST_KEY_UILaunchScreen_Generation[sdk=iphonesimulator*]" = YES;
				"INFOPLIST_KEY_UIStatusBarStyle[sdk=iphoneos*]" = UIStatusBarStyleDefault;
				"INFOPLIST_KEY_UIStatusBarStyle[sdk=iphonesimulator*]" = UIStatusBarStyleDefault;
				INFOPLIST_KEY_UISupportedInterfaceOrientations_iPad = "UIInterfaceOrientationPortrait UIInterfaceOrientationPortraitUpsideDown UIInterfaceOrientationLandscapeLeft UIInterfaceOrientationLandscapeRight";
				INFOPLIST_KEY_UISupportedInterfaceOrientations_iPhone = "UIInterfaceOrientationPortrait UIInterfaceOrientationLandscapeLeft UIInterfaceOrientationLandscapeRight";
				IPHONEOS_DEPLOYMENT_TARGET = 16.4;
				LD_RUNPATH_SEARCH_PATHS = "@executable_path/Frameworks";
				"LD_RUNPATH_SEARCH_PATHS[sdk=macosx*]" = "@executable_path/../Frameworks";
				MACOSX_DEPLOYMENT_TARGET = 13.3;
				MARKETING_VERSION = 1.0;
				PRODUCT_BUNDLE_IDENTIFIER = com.karlis.WhatsUp;
				PRODUCT_NAME = "$(TARGET_NAME)";
				SDKROOT = auto;
				SUPPORTED_PLATFORMS = "iphoneos iphonesimulator";
				SUPPORTS_MACCATALYST = NO;
				SUPPORTS_MAC_DESIGNED_FOR_IPHONE_IPAD = NO;
				SWIFT_EMIT_LOC_STRINGS = YES;
				SWIFT_VERSION = 5.0;
				TARGETED_DEVICE_FAMILY = 1;
			};
			name = Release;
		};
/* End XCBuildConfiguration section */

/* Begin XCConfigurationList section */
		8269C8602AA60526009D6708 /* Build configuration list for PBXProject "WhatsUp" */ = {
			isa = XCConfigurationList;
			buildConfigurations = (
				8269C8722AA60527009D6708 /* Debug */,
				8269C8732AA60527009D6708 /* Release */,
			);
			defaultConfigurationIsVisible = 0;
			defaultConfigurationName = Release;
		};
		8269C8742AA60527009D6708 /* Build configuration list for PBXNativeTarget "WhatsUp" */ = {
			isa = XCConfigurationList;
			buildConfigurations = (
				8269C8752AA60527009D6708 /* Debug */,
				8269C8762AA60527009D6708 /* Release */,
			);
			defaultConfigurationIsVisible = 0;
			defaultConfigurationName = Release;
		};
/* End XCConfigurationList section */

/* Begin XCRemoteSwiftPackageReference section */
		8269C8792AA60664009D6708 /* XCRemoteSwiftPackageReference "firebase-ios-sdk" */ = {
			isa = XCRemoteSwiftPackageReference;
			repositoryURL = "https://github.com/firebase/firebase-ios-sdk";
			requirement = {
				kind = upToNextMajorVersion;
				minimumVersion = 10.0.0;
			};
		};
/* End XCRemoteSwiftPackageReference section */

/* Begin XCSwiftPackageProductDependency section */
		8269C87A2AA60664009D6708 /* FirebaseAuth */ = {
			isa = XCSwiftPackageProductDependency;
			package = 8269C8792AA60664009D6708 /* XCRemoteSwiftPackageReference "firebase-ios-sdk" */;
			productName = FirebaseAuth;
		};
		8269C87C2AA60664009D6708 /* FirebaseFirestore */ = {
			isa = XCSwiftPackageProductDependency;
			package = 8269C8792AA60664009D6708 /* XCRemoteSwiftPackageReference "firebase-ios-sdk" */;
			productName = FirebaseFirestore;
		};
		8269C87E2AA60664009D6708 /* FirebaseFirestoreSwift */ = {
			isa = XCSwiftPackageProductDependency;
			package = 8269C8792AA60664009D6708 /* XCRemoteSwiftPackageReference "firebase-ios-sdk" */;
			productName = FirebaseFirestoreSwift;
		};
		8269C8802AA60664009D6708 /* FirebaseStorage */ = {
			isa = XCSwiftPackageProductDependency;
			package = 8269C8792AA60664009D6708 /* XCRemoteSwiftPackageReference "firebase-ios-sdk" */;
			productName = FirebaseStorage;
		};
/* End XCSwiftPackageProductDependency section */
	};
	rootObject = 8269C85D2AA60526009D6708 /* Project object */;
}
